
Microsoft Visual Studio Solution File, Format Version 12.00
# Visual Studio 15
VisualStudioVersion = 15.0.28307.1401
MinimumVisualStudioVersion = 10.0.40219.1
Project("{FAE04EC0-301F-11D3-BF4B-00C04F79EFBC}") = "ShopBridge-thinkBridge", "ShopBridge-thinkBridge\ShopBridge-thinkBridge.csproj", "{D85E40B4-1BF5-4DCB-8120-020D1215CECF}"
EndProject
Project("{FAE04EC0-301F-11D3-BF4B-00C04F79EFBC}") = "ShopBridge-Tests", "ShopBridge-Tests\ShopBridge-Tests.csproj", "{73094516-86F5-4E08-8D42-1799419B2355}"
EndProject
Global
	GlobalSection(SolutionConfigurationPlatforms) = preSolution
		Debug|Any CPU = Debug|Any CPU
		Release|Any CPU = Release|Any CPU
	EndGlobalSection
	GlobalSection(ProjectConfigurationPlatforms) = postSolution
		{D85E40B4-1BF5-4DCB-8120-020D1215CECF}.Debug|Any CPU.ActiveCfg = Debug|Any CPU
		{D85E40B4-1BF5-4DCB-8120-020D1215CECF}.Debug|Any CPU.Build.0 = Debug|Any CPU
		{D85E40B4-1BF5-4DCB-8120-020D1215CECF}.Release|Any CPU.ActiveCfg = Release|Any CPU
		{D85E40B4-1BF5-4DCB-8120-020D1215CECF}.Release|Any CPU.Build.0 = Release|Any CPU
		{73094516-86F5-4E08-8D42-1799419B2355}.Debug|Any CPU.ActiveCfg = Debug|Any CPU
		{73094516-86F5-4E08-8D42-1799419B2355}.Debug|Any CPU.Build.0 = Debug|Any CPU
		{73094516-86F5-4E08-8D42-1799419B2355}.Release|Any CPU.ActiveCfg = Release|Any CPU
		{73094516-86F5-4E08-8D42-1799419B2355}.Release|Any CPU.Build.0 = Release|Any CPU
	EndGlobalSection
	GlobalSection(SolutionProperties) = preSolution
		HideSolutionNode = FALSE
	EndGlobalSection
	GlobalSection(ExtensibilityGlobals) = postSolution
		SolutionGuid = {55C1364E-0657-4800-88E3-5B12A1607E5A}
	EndGlobalSection
EndGlobal
